
Microsoft Visual Studio Solution File, Format Version 12.00
Project("{FAE04EC0-301F-11D3-BF4B-00C04F79EFBC}") = "CS-Level-1-by-Programming-Advices", "CS-Level-1-by-Programming-Advices.csproj", "{CA7820B7-ECE5-4FF5-824A-8146A31DAD2E}"
EndProject
Global
	GlobalSection(SolutionConfigurationPlatforms) = preSolution
		Debug|Any CPU = Debug|Any CPU
		Release|Any CPU = Release|Any CPU
	EndGlobalSection
	GlobalSection(ProjectConfigurationPlatforms) = postSolution
		{CA7820B7-ECE5-4FF5-824A-8146A31DAD2E}.Debug|Any CPU.ActiveCfg = Debug|Any CPU
		{CA7820B7-ECE5-4FF5-824A-8146A31DAD2E}.Debug|Any CPU.Build.0 = Debug|Any CPU
		{CA7820B7-ECE5-4FF5-824A-8146A31DAD2E}.Release|Any CPU.ActiveCfg = Release|Any CPU
		{CA7820B7-ECE5-4FF5-824A-8146A31DAD2E}.Release|Any CPU.Build.0 = Release|Any CPU
	EndGlobalSection
EndGlobal
