
Microsoft Visual Studio Solution File, Format Version 12.00
Project("{FAE04EC0-301F-11D3-BF4B-00C04F79EFBC}") = "DisplayArrowDirections", "DisplayArrowDirections.csproj", "{4DEF7B9B-BDAD-4D6E-AB2E-D6A010203E6D}"
EndProject
Global
	GlobalSection(SolutionConfigurationPlatforms) = preSolution
		Debug|Any CPU = Debug|Any CPU
		Release|Any CPU = Release|Any CPU
	EndGlobalSection
	GlobalSection(ProjectConfigurationPlatforms) = postSolution
		{4DEF7B9B-BDAD-4D6E-AB2E-D6A010203E6D}.Debug|Any CPU.ActiveCfg = Debug|Any CPU
		{4DEF7B9B-BDAD-4D6E-AB2E-D6A010203E6D}.Debug|Any CPU.Build.0 = Debug|Any CPU
		{4DEF7B9B-BDAD-4D6E-AB2E-D6A010203E6D}.Release|Any CPU.ActiveCfg = Release|Any CPU
		{4DEF7B9B-BDAD-4D6E-AB2E-D6A010203E6D}.Release|Any CPU.Build.0 = Release|Any CPU
	EndGlobalSection
EndGlobal
